
Microsoft Visual Studio Solution File, Format Version 12.00
# Visual Studio Version 17
VisualStudioVersion = 17.5.33502.453
MinimumVisualStudioVersion = 10.0.40219.1
Project("{FAE04EC0-301F-11D3-BF4B-00C04F79EFBC}") = "BookListWeb", "BookListWeb\BookListWeb.csproj", "{0265895A-6A79-48BA-8CEE-FC6CDD354C00}"
EndProject
Global
	GlobalSection(SolutionConfigurationPlatforms) = preSolution
		Debug|Any CPU = Debug|Any CPU
		Release|Any CPU = Release|Any CPU
	EndGlobalSection
	GlobalSection(ProjectConfigurationPlatforms) = postSolution
		{0265895A-6A79-48BA-8CEE-FC6CDD354C00}.Debug|Any CPU.ActiveCfg = Debug|Any CPU
		{0265895A-6A79-48BA-8CEE-FC6CDD354C00}.Debug|Any CPU.Build.0 = Debug|Any CPU
		{0265895A-6A79-48BA-8CEE-FC6CDD354C00}.Release|Any CPU.ActiveCfg = Release|Any CPU
		{0265895A-6A79-48BA-8CEE-FC6CDD354C00}.Release|Any CPU.Build.0 = Release|Any CPU
	EndGlobalSection
	GlobalSection(SolutionProperties) = preSolution
		HideSolutionNode = FALSE
	EndGlobalSection
	GlobalSection(ExtensibilityGlobals) = postSolution
		SolutionGuid = {08BC4FA8-72FE-4B18-B12D-283C14AC2E30}
	EndGlobalSection
EndGlobal
